// !$*UTF8*$!
{
	archiveVersion = 1;
	classes = {
	};
	objectVersion = 46;
	objects = {

/* Begin PBXBuildFile section */
		244F8A175F8AB9CBC3BC6CE3 /* libPods-ZYQRouterDemoUITests.a in Frameworks */ = {isa = PBXBuildFile; fileRef = F697B501F91C52D3465A4754 /* libPods-ZYQRouterDemoUITests.a */; };
		41186C939A01BA9535196BFA /* libPods-ZYQRouterDemo.a in Frameworks */ = {isa = PBXBuildFile; fileRef = FD0C81D10A23969CAA9A9F32 /* libPods-ZYQRouterDemo.a */; };
		D8BCE4FF1E269EB400557557 /* main.m in Sources */ = {isa = PBXBuildFile; fileRef = D8BCE4FE1E269EB400557557 /* main.m */; };
		D8BCE5021E269EB400557557 /* AppDelegate.m in Sources */ = {isa = PBXBuildFile; fileRef = D8BCE5011E269EB400557557 /* AppDelegate.m */; };
		D8BCE5051E269EB400557557 /* ViewController.m in Sources */ = {isa = PBXBuildFile; fileRef = D8BCE5041E269EB400557557 /* ViewController.m */; };
		D8BCE50A1E269EB400557557 /* Assets.xcassets in Resources */ = {isa = PBXBuildFile; fileRef = D8BCE5091E269EB400557557 /* Assets.xcassets */; };
		D8BCE50D1E269EB400557557 /* LaunchScreen.storyboard in Resources */ = {isa = PBXBuildFile; fileRef = D8BCE50B1E269EB400557557 /* LaunchScreen.storyboard */; };
		D8BCE5181E269EB400557557 /* ZYQRouterDemoTests.m in Sources */ = {isa = PBXBuildFile; fileRef = D8BCE5171E269EB400557557 /* ZYQRouterDemoTests.m */; };
		D8BCE5231E269EB400557557 /* ZYQRouterDemoUITests.m in Sources */ = {isa = PBXBuildFile; fileRef = D8BCE5221E269EB400557557 /* ZYQRouterDemoUITests.m */; };
		EF8B41D3890DA6CB91C4D72B /* libPods-ZYQRouterDemoTests.a in Frameworks */ = {isa = PBXBuildFile; fileRef = DBCCFE0E528E2257E1E8B924 /* libPods-ZYQRouterDemoTests.a */; };
/* End PBXBuildFile section */

/* Begin PBXContainerItemProxy section */
		D8BCE5141E269EB400557557 /* PBXContainerItemProxy */ = {
			isa = PBXContainerItemProxy;
			containerPortal = D8BCE4F21E269EB400557557 /* Project object */;
			proxyType = 1;
			remoteGlobalIDString = D8BCE4F91E269EB400557557;
			remoteInfo = ZYQRouterDemo;
		};
		D8BCE51F1E269EB400557557 /* PBXContainerItemProxy */ = {
			isa = PBXContainerItemProxy;
			containerPortal = D8BCE4F21E269EB400557557 /* Project object */;
			proxyType = 1;
			remoteGlobalIDString = D8BCE4F91E269EB400557557;
			remoteInfo = ZYQRouterDemo;
		};
/* End PBXContainerItemProxy section */

/* Begin PBXFileReference section */
		24FB3C645D9E26FCD2028916 /* Pods-ZYQRouterDemo.release.xcconfig */ = {isa = PBXFileReference; includeInIndex = 1; lastKnownFileType = text.xcconfig; name = "Pods-ZYQRouterDemo.release.xcconfig"; path = "Pods/Target Support Files/Pods-ZYQRouterDemo/Pods-ZYQRouterDemo.release.xcconfig"; sourceTree = "<group>"; };
		2EDDF7FC242565FCB391E122 /* Pods-ZYQRouterDemoUITests.debug.xcconfig */ = {isa = PBXFileReference; includeInIndex = 1; lastKnownFileType = text.xcconfig; name = "Pods-ZYQRouterDemoUITests.debug.xcconfig"; path = "Pods/Target Support Files/Pods-ZYQRouterDemoUITests/Pods-ZYQRouterDemoUITests.debug.xcconfig"; sourceTree = "<group>"; };
		39F71A3E8AC0190125034BED /* Pods-ZYQRouterDemo.debug.xcconfig */ = {isa = PBXFileReference; includeInIndex = 1; lastKnownFileType = text.xcconfig; name = "Pods-ZYQRouterDemo.debug.xcconfig"; path = "Pods/Target Support Files/Pods-ZYQRouterDemo/Pods-ZYQRouterDemo.debug.xcconfig"; sourceTree = "<group>"; };
		61DDF7CB9CD22C47FB64A243 /* Pods-ZYQRouterDemoTests.debug.xcconfig */ = {isa = PBXFileReference; includeInIndex = 1; lastKnownFileType = text.xcconfig; name = "Pods-ZYQRouterDemoTests.debug.xcconfig"; path = "Pods/Target Support Files/Pods-ZYQRouterDemoTests/Pods-ZYQRouterDemoTests.debug.xcconfig"; sourceTree = "<group>"; };
		79F689CE4D2F3F7433B17453 /* Pods-ZYQRouterDemoUITests.release.xcconfig */ = {isa = PBXFileReference; includeInIndex = 1; lastKnownFileType = text.xcconfig; name = "Pods-ZYQRouterDemoUITests.release.xcconfig"; path = "Pods/Target Support Files/Pods-ZYQRouterDemoUITests/Pods-ZYQRouterDemoUITests.release.xcconfig"; sourceTree = "<group>"; };
		D8BCE4FA1E269EB400557557 /* ZYQRouterDemo.app */ = {isa = PBXFileReference; explicitFileType = wrapper.application; includeInIndex = 0; path = ZYQRouterDemo.app; sourceTree = BUILT_PRODUCTS_DIR; };
		D8BCE4FE1E269EB400557557 /* main.m */ = {isa = PBXFileReference; lastKnownFileType = sourcecode.c.objc; path = main.m; sourceTree = "<group>"; };
		D8BCE5001E269EB400557557 /* AppDelegate.h */ = {isa = PBXFileReference; lastKnownFileType = sourcecode.c.h; path = AppDelegate.h; sourceTree = "<group>"; };
		D8BCE5011E269EB400557557 /* AppDelegate.m */ = {isa = PBXFileReference; lastKnownFileType = sourcecode.c.objc; path = AppDelegate.m; sourceTree = "<group>"; };
		D8BCE5031E269EB400557557 /* ViewController.h */ = {isa = PBXFileReference; lastKnownFileType = sourcecode.c.h; path = ViewController.h; sourceTree = "<group>"; };
		D8BCE5041E269EB400557557 /* ViewController.m */ = {isa = PBXFileReference; lastKnownFileType = sourcecode.c.objc; path = ViewController.m; sourceTree = "<group>"; };
		D8BCE5091E269EB400557557 /* Assets.xcassets */ = {isa = PBXFileReference; lastKnownFileType = folder.assetcatalog; path = Assets.xcassets; sourceTree = "<group>"; };
		D8BCE50C1E269EB400557557 /* Base */ = {isa = PBXFileReference; lastKnownFileType = file.storyboard; name = Base; path = Base.lproj/LaunchScreen.storyboard; sourceTree = "<group>"; };
		D8BCE50E1E269EB400557557 /* Info.plist */ = {isa = PBXFileReference; lastKnownFileType = text.plist.xml; path = Info.plist; sourceTree = "<group>"; };
		D8BCE5131E269EB400557557 /* ZYQRouterDemoTests.xctest */ = {isa = PBXFileReference; explicitFileType = wrapper.cfbundle; includeInIndex = 0; path = ZYQRouterDemoTests.xctest; sourceTree = BUILT_PRODUCTS_DIR; };
		D8BCE5171E269EB400557557 /* ZYQRouterDemoTests.m */ = {isa = PBXFileReference; lastKnownFileType = sourcecode.c.objc; path = ZYQRouterDemoTests.m; sourceTree = "<group>"; };
		D8BCE5191E269EB400557557 /* Info.plist */ = {isa = PBXFileReference; lastKnownFileType = text.plist.xml; path = Info.plist; sourceTree = "<group>"; };
		D8BCE51E1E269EB400557557 /* ZYQRouterDemoUITests.xctest */ = {isa = PBXFileReference; explicitFileType = wrapper.cfbundle; includeInIndex = 0; path = ZYQRouterDemoUITests.xctest; sourceTree = BUILT_PRODUCTS_DIR; };
		D8BCE5221E269EB400557557 /* ZYQRouterDemoUITests.m */ = {isa = PBXFileReference; lastKnownFileType = sourcecode.c.objc; path = ZYQRouterDemoUITests.m; sourceTree = "<group>"; };
		D8BCE5241E269EB400557557 /* Info.plist */ = {isa = PBXFileReference; lastKnownFileType = text.plist.xml; path = Info.plist; sourceTree = "<group>"; };
		DBCCFE0E528E2257E1E8B924 /* libPods-ZYQRouterDemoTests.a */ = {isa = PBXFileReference; explicitFileType = archive.ar; includeInIndex = 0; path = "libPods-ZYQRouterDemoTests.a"; sourceTree = BUILT_PRODUCTS_DIR; };
		F697B501F91C52D3465A4754 /* libPods-ZYQRouterDemoUITests.a */ = {isa = PBXFileReference; explicitFileType = archive.ar; includeInIndex = 0; path = "libPods-ZYQRouterDemoUITests.a"; sourceTree = BUILT_PRODUCTS_DIR; };
		FD0C81D10A23969CAA9A9F32 /* libPods-ZYQRouterDemo.a */ = {isa = PBXFileReference; explicitFileType = archive.ar; includeInIndex = 0; path = "libPods-ZYQRouterDemo.a"; sourceTree = BUILT_PRODUCTS_DIR; };
		FF3C32C06E6D0B2FB031B7BA /* Pods-ZYQRouterDemoTests.release.xcconfig */ = {isa = PBXFileReference; includeInIndex = 1; lastKnownFileType = text.xcconfig; name = "Pods-ZYQRouterDemoTests.release.xcconfig"; path = "Pods/Target Support Files/Pods-ZYQRouterDemoTests/Pods-ZYQRouterDemoTests.release.xcconfig"; sourceTree = "<group>"; };
/* End PBXFileReference section */

/* Begin PBXFrameworksBuildPhase section */
		D8BCE4F71E269EB400557557 /* Frameworks */ = {
			isa = PBXFrameworksBuildPhase;
			buildActionMask = 2147483647;
			files = (
				41186C939A01BA9535196BFA /* libPods-ZYQRouterDemo.a in Frameworks */,
			);
			runOnlyForDeploymentPostprocessing = 0;
		};
		D8BCE5101E269EB400557557 /* Frameworks */ = {
			isa = PBXFrameworksBuildPhase;
			buildActionMask = 2147483647;
			files = (
				EF8B41D3890DA6CB91C4D72B /* libPods-ZYQRouterDemoTests.a in Frameworks */,
			);
			runOnlyForDeploymentPostprocessing = 0;
		};
		D8BCE51B1E269EB400557557 /* Frameworks */ = {
			isa = PBXFrameworksBuildPhase;
			buildActionMask = 2147483647;
			files = (
				244F8A175F8AB9CBC3BC6CE3 /* libPods-ZYQRouterDemoUITests.a in Frameworks */,
			);
			runOnlyForDeploymentPostprocessing = 0;
		};
/* End PBXFrameworksBuildPhase section */

/* Begin PBXGroup section */
		44BAB9E7E00571564678518C /* Frameworks */ = {
			isa = PBXGroup;
			children = (
				FD0C81D10A23969CAA9A9F32 /* libPods-ZYQRouterDemo.a */,
				DBCCFE0E528E2257E1E8B924 /* libPods-ZYQRouterDemoTests.a */,
				F697B501F91C52D3465A4754 /* libPods-ZYQRouterDemoUITests.a */,
			);
			name = Frameworks;
			sourceTree = "<group>";
		};
		D8BCE4F11E269EB400557557 = {
			isa = PBXGroup;
			children = (
				D8BCE4FC1E269EB400557557 /* ZYQRouterDemo */,
				D8BCE5161E269EB400557557 /* ZYQRouterDemoTests */,
				D8BCE5211E269EB400557557 /* ZYQRouterDemoUITests */,
				D8BCE4FB1E269EB400557557 /* Products */,
				F65EF36172E6351960E66B49 /* Pods */,
				44BAB9E7E00571564678518C /* Frameworks */,
			);
			sourceTree = "<group>";
		};
		D8BCE4FB1E269EB400557557 /* Products */ = {
			isa = PBXGroup;
			children = (
				D8BCE4FA1E269EB400557557 /* ZYQRouterDemo.app */,
				D8BCE5131E269EB400557557 /* ZYQRouterDemoTests.xctest */,
				D8BCE51E1E269EB400557557 /* ZYQRouterDemoUITests.xctest */,
			);
			name = Products;
			sourceTree = "<group>";
		};
		D8BCE4FC1E269EB400557557 /* ZYQRouterDemo */ = {
			isa = PBXGroup;
			children = (
				D8BCE5001E269EB400557557 /* AppDelegate.h */,
				D8BCE5011E269EB400557557 /* AppDelegate.m */,
				D8BCE5031E269EB400557557 /* ViewController.h */,
				D8BCE5041E269EB400557557 /* ViewController.m */,
				D8BCE5091E269EB400557557 /* Assets.xcassets */,
				D8BCE50B1E269EB400557557 /* LaunchScreen.storyboard */,
				D8BCE50E1E269EB400557557 /* Info.plist */,
				D8BCE4FD1E269EB400557557 /* Supporting Files */,
			);
			path = ZYQRouterDemo;
			sourceTree = "<group>";
		};
		D8BCE4FD1E269EB400557557 /* Supporting Files */ = {
			isa = PBXGroup;
			children = (
				D8BCE4FE1E269EB400557557 /* main.m */,
			);
			name = "Supporting Files";
			sourceTree = "<group>";
		};
		D8BCE5161E269EB400557557 /* ZYQRouterDemoTests */ = {
			isa = PBXGroup;
			children = (
				D8BCE5171E269EB400557557 /* ZYQRouterDemoTests.m */,
				D8BCE5191E269EB400557557 /* Info.plist */,
			);
			path = ZYQRouterDemoTests;
			sourceTree = "<group>";
		};
		D8BCE5211E269EB400557557 /* ZYQRouterDemoUITests */ = {
			isa = PBXGroup;
			children = (
				D8BCE5221E269EB400557557 /* ZYQRouterDemoUITests.m */,
				D8BCE5241E269EB400557557 /* Info.plist */,
			);
			path = ZYQRouterDemoUITests;
			sourceTree = "<group>";
		};
		F65EF36172E6351960E66B49 /* Pods */ = {
			isa = PBXGroup;
			children = (
				39F71A3E8AC0190125034BED /* Pods-ZYQRouterDemo.debug.xcconfig */,
				24FB3C645D9E26FCD2028916 /* Pods-ZYQRouterDemo.release.xcconfig */,
				61DDF7CB9CD22C47FB64A243 /* Pods-ZYQRouterDemoTests.debug.xcconfig */,
				FF3C32C06E6D0B2FB031B7BA /* Pods-ZYQRouterDemoTests.release.xcconfig */,
				2EDDF7FC242565FCB391E122 /* Pods-ZYQRouterDemoUITests.debug.xcconfig */,
				79F689CE4D2F3F7433B17453 /* Pods-ZYQRouterDemoUITests.release.xcconfig */,
			);
			name = Pods;
			sourceTree = "<group>";
		};
/* End PBXGroup section */

/* Begin PBXNativeTarget section */
		D8BCE4F91E269EB400557557 /* ZYQRouterDemo */ = {
			isa = PBXNativeTarget;
			buildConfigurationList = D8BCE5271E269EB400557557 /* Build configuration list for PBXNativeTarget "ZYQRouterDemo" */;
			buildPhases = (
				0376CE02E642B18F66C73919 /* [CP] Check Pods Manifest.lock */,
				D8BCE4F61E269EB400557557 /* Sources */,
				D8BCE4F71E269EB400557557 /* Frameworks */,
				D8BCE4F81E269EB400557557 /* Resources */,
				3121980B9CBDEEAAF405F460 /* [CP] Embed Pods Frameworks */,
				BA47C7E29976864BA8C81234 /* [CP] Copy Pods Resources */,
			);
			buildRules = (
			);
			dependencies = (
			);
			name = ZYQRouterDemo;
			productName = ZYQRouterDemo;
			productReference = D8BCE4FA1E269EB400557557 /* ZYQRouterDemo.app */;
			productType = "com.apple.product-type.application";
		};
		D8BCE5121E269EB400557557 /* ZYQRouterDemoTests */ = {
			isa = PBXNativeTarget;
			buildConfigurationList = D8BCE52A1E269EB400557557 /* Build configuration list for PBXNativeTarget "ZYQRouterDemoTests" */;
			buildPhases = (
				C157591E3E07573FF8F50FFB /* [CP] Check Pods Manifest.lock */,
				D8BCE50F1E269EB400557557 /* Sources */,
				D8BCE5101E269EB400557557 /* Frameworks */,
				D8BCE5111E269EB400557557 /* Resources */,
				7D225460CAFE65D4B0DD2B1C /* [CP] Embed Pods Frameworks */,
				F69727F315744D3857B128C6 /* [CP] Copy Pods Resources */,
			);
			buildRules = (
			);
			dependencies = (
				D8BCE5151E269EB400557557 /* PBXTargetDependency */,
			);
			name = ZYQRouterDemoTests;
			productName = ZYQRouterDemoTests;
			productReference = D8BCE5131E269EB400557557 /* ZYQRouterDemoTests.xctest */;
			productType = "com.apple.product-type.bundle.unit-test";
		};
		D8BCE51D1E269EB400557557 /* ZYQRouterDemoUITests */ = {
			isa = PBXNativeTarget;
			buildConfigurationList = D8BCE52D1E269EB400557557 /* Build configuration list for PBXNativeTarget "ZYQRouterDemoUITests" */;
			buildPhases = (
				50134E6BA6E2434EB347F11C /* [CP] Check Pods Manifest.lock */,
				D8BCE51A1E269EB400557557 /* Sources */,
				D8BCE51B1E269EB400557557 /* Frameworks */,
				D8BCE51C1E269EB400557557 /* Resources */,
				B9999660E4D24B86A2F8F184 /* [CP] Embed Pods Frameworks */,
				DA5A8A6FD83A34773D19AB9A /* [CP] Copy Pods Resources */,
			);
			buildRules = (
			);
			dependencies = (
				D8BCE5201E269EB400557557 /* PBXTargetDependency */,
			);
			name = ZYQRouterDemoUITests;
			productName = ZYQRouterDemoUITests;
			productReference = D8BCE51E1E269EB400557557 /* ZYQRouterDemoUITests.xctest */;
			productType = "com.apple.product-type.bundle.ui-testing";
		};
/* End PBXNativeTarget section */

/* Begin PBXProject section */
		D8BCE4F21E269EB400557557 /* Project object */ = {
			isa = PBXProject;
			attributes = {
				LastUpgradeCheck = 0820;
				ORGANIZATIONNAME = "Zhao Yiqi";
				TargetAttributes = {
					D8BCE4F91E269EB400557557 = {
						CreatedOnToolsVersion = 8.2.1;
						DevelopmentTeam = YDDJ83LVSQ;
						ProvisioningStyle = Automatic;
					};
					D8BCE5121E269EB400557557 = {
						CreatedOnToolsVersion = 8.2.1;
						DevelopmentTeam = YDDJ83LVSQ;
						ProvisioningStyle = Automatic;
						TestTargetID = D8BCE4F91E269EB400557557;
					};
					D8BCE51D1E269EB400557557 = {
						CreatedOnToolsVersion = 8.2.1;
						DevelopmentTeam = YDDJ83LVSQ;
						ProvisioningStyle = Automatic;
						TestTargetID = D8BCE4F91E269EB400557557;
					};
				};
			};
			buildConfigurationList = D8BCE4F51E269EB400557557 /* Build configuration list for PBXProject "ZYQRouterDemo" */;
			compatibilityVersion = "Xcode 3.2";
			developmentRegion = English;
			hasScannedForEncodings = 0;
			knownRegions = (
				en,
				Base,
			);
			mainGroup = D8BCE4F11E269EB400557557;
			productRefGroup = D8BCE4FB1E269EB400557557 /* Products */;
			projectDirPath = "";
			projectRoot = "";
			targets = (
				D8BCE4F91E269EB400557557 /* ZYQRouterDemo */,
				D8BCE5121E269EB400557557 /* ZYQRouterDemoTests */,
				D8BCE51D1E269EB400557557 /* ZYQRouterDemoUITests */,
			);
		};
/* End PBXProject section */

/* Begin PBXResourcesBuildPhase section */
		D8BCE4F81E269EB400557557 /* Resources */ = {
			isa = PBXResourcesBuildPhase;
			buildActionMask = 2147483647;
			files = (
				D8BCE50D1E269EB400557557 /* LaunchScreen.storyboard in Resources */,
				D8BCE50A1E269EB400557557 /* Assets.xcassets in Resources */,
			);
			runOnlyForDeploymentPostprocessing = 0;
		};
		D8BCE5111E269EB400557557 /* Resources */ = {
			isa = PBXResourcesBuildPhase;
			buildActionMask = 2147483647;
			files = (
			);
			runOnlyForDeploymentPostprocessing = 0;
		};
		D8BCE51C1E269EB400557557 /* Resources */ = {
			isa = PBXResourcesBuildPhase;
			buildActionMask = 2147483647;
			files = (
			);
			runOnlyForDeploymentPostprocessing = 0;
		};
/* End PBXResourcesBuildPhase section */

/* Begin PBXShellScriptBuildPhase section */
		0376CE02E642B18F66C73919 /* [CP] Check Pods Manifest.lock */ = {
			isa = PBXShellScriptBuildPhase;
			buildActionMask = 2147483647;
			files = (
			);
			inputPaths = (
			);
			name = "[CP] Check Pods Manifest.lock";
			outputPaths = (
			);
			runOnlyForDeploymentPostprocessing = 0;
			shellPath = /bin/sh;
			shellScript = "diff \"${PODS_ROOT}/../Podfile.lock\" \"${PODS_ROOT}/Manifest.lock\" > /dev/null\nif [ $? != 0 ] ; then\n    # print error to STDERR\n    echo \"error: The sandbox is not in sync with the Podfile.lock. Run 'pod install' or update your CocoaPods installation.\" >&2\n    exit 1\nfi\n";
			showEnvVarsInLog = 0;
		};
		3121980B9CBDEEAAF405F460 /* [CP] Embed Pods Frameworks */ = {
			isa = PBXShellScriptBuildPhase;
			buildActionMask = 2147483647;
			files = (
			);
			inputPaths = (
			);
			name = "[CP] Embed Pods Frameworks";
			outputPaths = (
			);
			runOnlyForDeploymentPostprocessing = 0;
			shellPath = /bin/sh;
			shellScript = "\"${SRCROOT}/Pods/Target Support Files/Pods-ZYQRouterDemo/Pods-ZYQRouterDemo-frameworks.sh\"\n";
			showEnvVarsInLog = 0;
		};
		50134E6BA6E2434EB347F11C /* [CP] Check Pods Manifest.lock */ = {
			isa = PBXShellScriptBuildPhase;
			buildActionMask = 2147483647;
			files = (
			);
			inputPaths = (
			);
			name = "[CP] Check Pods Manifest.lock";
			outputPaths = (
			);
			runOnlyForDeploymentPostprocessing = 0;
			shellPath = /bin/sh;
			shellScript = "diff \"${PODS_ROOT}/../Podfile.lock\" \"${PODS_ROOT}/Manifest.lock\" > /dev/null\nif [ $? != 0 ] ; then\n    # print error to STDERR\n    echo \"error: The sandbox is not in sync with the Podfile.lock. Run 'pod install' or update your CocoaPods installation.\" >&2\n    exit 1\nfi\n";
			showEnvVarsInLog = 0;
		};
		7D225460CAFE65D4B0DD2B1C /* [CP] Embed Pods Frameworks */ = {
			isa = PBXShellScriptBuildPhase;
			buildActionMask = 2147483647;
			files = (
			);
			inputPaths = (
			);
			name = "[CP] Embed Pods Frameworks";
			outputPaths = (
			);
			runOnlyForDeploymentPostprocessing = 0;
			shellPath = /bin/sh;
			shellScript = "\"${SRCROOT}/Pods/Target Support Files/Pods-ZYQRouterDemoTests/Pods-ZYQRouterDemoTests-frameworks.sh\"\n";
			showEnvVarsInLog = 0;
		};
		B9999660E4D24B86A2F8F184 /* [CP] Embed Pods Frameworks */ = {
			isa = PBXShellScriptBuildPhase;
			buildActionMask = 2147483647;
			files = (
			);
			inputPaths = (
			);
			name = "[CP] Embed Pods Frameworks";
			outputPaths = (
			);
			runOnlyForDeploymentPostprocessing = 0;
			shellPath = /bin/sh;
			shellScript = "\"${SRCROOT}/Pods/Target Support Files/Pods-ZYQRouterDemoUITests/Pods-ZYQRouterDemoUITests-frameworks.sh\"\n";
			showEnvVarsInLog = 0;
		};
		BA47C7E29976864BA8C81234 /* [CP] Copy Pods Resources */ = {
			isa = PBXShellScriptBuildPhase;
			buildActionMask = 2147483647;
			files = (
			);
			inputPaths = (
			);
			name = "[CP] Copy Pods Resources";
			outputPaths = (
			);
			runOnlyForDeploymentPostprocessing = 0;
			shellPath = /bin/sh;
			shellScript = "\"${SRCROOT}/Pods/Target Support Files/Pods-ZYQRouterDemo/Pods-ZYQRouterDemo-resources.sh\"\n";
			showEnvVarsInLog = 0;
		};
		C157591E3E07573FF8F50FFB /* [CP] Check Pods Manifest.lock */ = {
			isa = PBXShellScriptBuildPhase;
			buildActionMask = 2147483647;
			files = (
			);
			inputPaths = (
			);
			name = "[CP] Check Pods Manifest.lock";
			outputPaths = (
			);
			runOnlyForDeploymentPostprocessing = 0;
			shellPath = /bin/sh;
			shellScript = "diff \"${PODS_ROOT}/../Podfile.lock\" \"${PODS_ROOT}/Manifest.lock\" > /dev/null\nif [ $? != 0 ] ; then\n    # print error to STDERR\n    echo \"error: The sandbox is not in sync with the Podfile.lock. Run 'pod install' or update your CocoaPods installation.\" >&2\n    exit 1\nfi\n";
			showEnvVarsInLog = 0;
		};
		DA5A8A6FD83A34773D19AB9A /* [CP] Copy Pods Resources */ = {
			isa = PBXShellScriptBuildPhase;
			buildActionMask = 2147483647;
			files = (
			);
			inputPaths = (
			);
			name = "[CP] Copy Pods Resources";
			outputPaths = (
			);
			runOnlyForDeploymentPostprocessing = 0;
			shellPath = /bin/sh;
			shellScript = "\"${SRCROOT}/Pods/Target Support Files/Pods-ZYQRouterDemoUITests/Pods-ZYQRouterDemoUITests-resources.sh\"\n";
			showEnvVarsInLog = 0;
		};
		F69727F315744D3857B128C6 /* [CP] Copy Pods Resources */ = {
			isa = PBXShellScriptBuildPhase;
			buildActionMask = 2147483647;
			files = (
			);
			inputPaths = (
			);
			name = "[CP] Copy Pods Resources";
			outputPaths = (
			);
			runOnlyForDeploymentPostprocessing = 0;
			shellPath = /bin/sh;
			shellScript = "\"${SRCROOT}/Pods/Target Support Files/Pods-ZYQRouterDemoTests/Pods-ZYQRouterDemoTests-resources.sh\"\n";
			showEnvVarsInLog = 0;
		};
/* End PBXShellScriptBuildPhase section */

/* Begin PBXSourcesBuildPhase section */
		D8BCE4F61E269EB400557557 /* Sources */ = {
			isa = PBXSourcesBuildPhase;
			buildActionMask = 2147483647;
			files = (
				D8BCE5051E269EB400557557 /* ViewController.m in Sources */,
				D8BCE5021E269EB400557557 /* AppDelegate.m in Sources */,
				D8BCE4FF1E269EB400557557 /* main.m in Sources */,
			);
			runOnlyForDeploymentPostprocessing = 0;
		};
		D8BCE50F1E269EB400557557 /* Sources */ = {
			isa = PBXSourcesBuildPhase;
			buildActionMask = 2147483647;
			files = (
				D8BCE5181E269EB400557557 /* ZYQRouterDemoTests.m in Sources */,
			);
			runOnlyForDeploymentPostprocessing = 0;
		};
		D8BCE51A1E269EB400557557 /* Sources */ = {
			isa = PBXSourcesBuildPhase;
			buildActionMask = 2147483647;
			files = (
				D8BCE5231E269EB400557557 /* ZYQRouterDemoUITests.m in Sources */,
			);
			runOnlyForDeploymentPostprocessing = 0;
		};
/* End PBXSourcesBuildPhase section */

/* Begin PBXTargetDependency section */
		D8BCE5151E269EB400557557 /* PBXTargetDependency */ = {
			isa = PBXTargetDependency;
			target = D8BCE4F91E269EB400557557 /* ZYQRouterDemo */;
			targetProxy = D8BCE5141E269EB400557557 /* PBXContainerItemProxy */;
		};
		D8BCE5201E269EB400557557 /* PBXTargetDependency */ = {
			isa = PBXTargetDependency;
			target = D8BCE4F91E269EB400557557 /* ZYQRouterDemo */;
			targetProxy = D8BCE51F1E269EB400557557 /* PBXContainerItemProxy */;
		};
/* End PBXTargetDependency section */

/* Begin PBXVariantGroup section */
		D8BCE50B1E269EB400557557 /* LaunchScreen.storyboard */ = {
			isa = PBXVariantGroup;
			children = (
				D8BCE50C1E269EB400557557 /* Base */,
			);
			name = LaunchScreen.storyboard;
			sourceTree = "<group>";
		};
/* End PBXVariantGroup section */

/* Begin XCBuildConfiguration section */
		D8BCE5251E269EB400557557 /* Debug */ = {
			isa = XCBuildConfiguration;
			buildSettings = {
				ALWAYS_SEARCH_USER_PATHS = NO;
				CLANG_ANALYZER_NONNULL = YES;
				CLANG_CXX_LANGUAGE_STANDARD = "gnu++0x";
				CLANG_CXX_LIBRARY = "libc++";
				CLANG_ENABLE_MODULES = YES;
				CLANG_ENABLE_OBJC_ARC = YES;
				CLANG_WARN_BOOL_CONVERSION = YES;
				CLANG_WARN_CONSTANT_CONVERSION = YES;
				CLANG_WARN_DIRECT_OBJC_ISA_USAGE = YES_ERROR;
				CLANG_WARN_DOCUMENTATION_COMMENTS = YES;
				CLANG_WARN_EMPTY_BODY = YES;
				CLANG_WARN_ENUM_CONVERSION = YES;
				CLANG_WARN_INFINITE_RECURSION = YES;
				CLANG_WARN_INT_CONVERSION = YES;
				CLANG_WARN_OBJC_ROOT_CLASS = YES_ERROR;
				CLANG_WARN_SUSPICIOUS_MOVE = YES;
				CLANG_WARN_UNREACHABLE_CODE = YES;
				CLANG_WARN__DUPLICATE_METHOD_MATCH = YES;
				"CODE_SIGN_IDENTITY[sdk=iphoneos*]" = "iPhone Developer";
				COPY_PHASE_STRIP = NO;
				DEBUG_INFORMATION_FORMAT = dwarf;
				ENABLE_STRICT_OBJC_MSGSEND = YES;
				ENABLE_TESTABILITY = YES;
				GCC_C_LANGUAGE_STANDARD = gnu99;
				GCC_DYNAMIC_NO_PIC = NO;
				GCC_NO_COMMON_BLOCKS = YES;
				GCC_OPTIMIZATION_LEVEL = 0;
				GCC_PREPROCESSOR_DEFINITIONS = (
					"DEBUG=1",
					"$(inherited)",
				);
				GCC_WARN_64_TO_32_BIT_CONVERSION = YES;
				GCC_WARN_ABOUT_RETURN_TYPE = YES_ERROR;
				GCC_WARN_UNDECLARED_SELECTOR = YES;
				GCC_WARN_UNINITIALIZED_AUTOS = YES_AGGRESSIVE;
				GCC_WARN_UNUSED_FUNCTION = YES;
				GCC_WARN_UNUSED_VARIABLE = YES;
				IPHONEOS_DEPLOYMENT_TARGET = 10.2;
				MTL_ENABLE_DEBUG_INFO = YES;
				ONLY_ACTIVE_ARCH = YES;
				SDKROOT = iphoneos;
				TARGETED_DEVICE_FAMILY = "1,2";
			};
			name = Debug;
		};
		D8BCE5261E269EB400557557 /* Release */ = {
			isa = XCBuildConfiguration;
			buildSettings = {
				ALWAYS_SEARCH_USER_PATHS = NO;
				CLANG_ANALYZER_NONNULL = YES;
				CLANG_CXX_LANGUAGE_STANDARD = "gnu++0x";
				CLANG_CXX_LIBRARY = "libc++";
				CLANG_ENABLE_MODULES = YES;
				CLANG_ENABLE_OBJC_ARC = YES;
				CLANG_WARN_BOOL_CONVERSION = YES;
				CLANG_WARN_CONSTANT_CONVERSION = YES;
				CLANG_WARN_DIRECT_OBJC_ISA_USAGE = YES_ERROR;
				CLANG_WARN_DOCUMENTATION_COMMENTS = YES;
				CLANG_WARN_EMPTY_BODY = YES;
				CLANG_WARN_ENUM_CONVERSION = YES;
				CLANG_WARN_INFINITE_RECURSION = YES;
				CLANG_WARN_INT_CONVERSION = YES;
				CLANG_WARN_OBJC_ROOT_CLASS = YES_ERROR;
				CLANG_WARN_SUSPICIOUS_MOVE = YES;
				CLANG_WARN_UNREACHABLE_CODE = YES;
				CLANG_WARN__DUPLICATE_METHOD_MATCH = YES;
				"CODE_SIGN_IDENTITY[sdk=iphoneos*]" = "iPhone Developer";
				COPY_PHASE_STRIP = NO;
				DEBUG_INFORMATION_FORMAT = "dwarf-with-dsym";
				ENABLE_NS_ASSERTIONS = NO;
				ENABLE_STRICT_OBJC_MSGSEND = YES;
				GCC_C_LANGUAGE_STANDARD = gnu99;
				GCC_NO_COMMON_BLOCKS = YES;
				GCC_WARN_64_TO_32_BIT_CONVERSION = YES;
				GCC_WARN_ABOUT_RETURN_TYPE = YES_ERROR;
				GCC_WARN_UNDECLARED_SELECTOR = YES;
				GCC_WARN_UNINITIALIZED_AUTOS = YES_AGGRESSIVE;
				GCC_WARN_UNUSED_FUNCTION = YES;
				GCC_WARN_UNUSED_VARIABLE = YES;
				IPHONEOS_DEPLOYMENT_TARGET = 10.2;
				MTL_ENABLE_DEBUG_INFO = NO;
				SDKROOT = iphoneos;
				TARGETED_DEVICE_FAMILY = "1,2";
				VALIDATE_PRODUCT = YES;
			};
			name = Release;
		};
		D8BCE5281E269EB400557557 /* Debug */ = {
			isa = XCBuildConfiguration;
			baseConfigurationReference = 39F71A3E8AC0190125034BED /* Pods-ZYQRouterDemo.debug.xcconfig */;
			buildSettings = {
				ASSETCATALOG_COMPILER_APPICON_NAME = AppIcon;
				DEVELOPMENT_TEAM = YDDJ83LVSQ;
				INFOPLIST_FILE = ZYQRouterDemo/Info.plist;
				LD_RUNPATH_SEARCH_PATHS = "$(inherited) @executable_path/Frameworks";
				PRODUCT_BUNDLE_IDENTIFIER = com.zyq.ZYQRouterDemo;
				PRODUCT_NAME = "$(TARGET_NAME)";
			};
			name = Debug;
		};
		D8BCE5291E269EB400557557 /* Release */ = {
			isa = XCBuildConfiguration;
			baseConfigurationReference = 24FB3C645D9E26FCD2028916 /* Pods-ZYQRouterDemo.release.xcconfig */;
			buildSettings = {
				ASSETCATALOG_COMPILER_APPICON_NAME = AppIcon;
				DEVELOPMENT_TEAM = YDDJ83LVSQ;
				INFOPLIST_FILE = ZYQRouterDemo/Info.plist;
				LD_RUNPATH_SEARCH_PATHS = "$(inherited) @executable_path/Frameworks";
				PRODUCT_BUNDLE_IDENTIFIER = com.zyq.ZYQRouterDemo;
				PRODUCT_NAME = "$(TARGET_NAME)";
			};
			name = Release;
		};
		D8BCE52B1E269EB400557557 /* Debug */ = {
			isa = XCBuildConfiguration;
			baseConfigurationReference = 61DDF7CB9CD22C47FB64A243 /* Pods-ZYQRouterDemoTests.debug.xcconfig */;
			buildSettings = {
				BUNDLE_LOADER = "$(TEST_HOST)";
				DEVELOPMENT_TEAM = YDDJ83LVSQ;
				INFOPLIST_FILE = ZYQRouterDemoTests/Info.plist;
				LD_RUNPATH_SEARCH_PATHS = "$(inherited) @executable_path/Frameworks @loader_path/Frameworks";
				PRODUCT_BUNDLE_IDENTIFIER = com.zyq.ZYQRouterDemoTests;
				PRODUCT_NAME = "$(TARGET_NAME)";
				TEST_HOST = "$(BUILT_PRODUCTS_DIR)/ZYQRouterDemo.app/ZYQRouterDemo";
			};
			name = Debug;
		};
		D8BCE52C1E269EB400557557 /* Release */ = {
			isa = XCBuildConfiguration;
			baseConfigurationReference = FF3C32C06E6D0B2FB031B7BA /* Pods-ZYQRouterDemoTests.release.xcconfig */;
			buildSettings = {
				BUNDLE_LOADER = "$(TEST_HOST)";
				DEVELOPMENT_TEAM = YDDJ83LVSQ;
				INFOPLIST_FILE = ZYQRouterDemoTests/Info.plist;
				LD_RUNPATH_SEARCH_PATHS = "$(inherited) @executable_path/Frameworks @loader_path/Frameworks";
				PRODUCT_BUNDLE_IDENTIFIER = com.zyq.ZYQRouterDemoTests;
				PRODUCT_NAME = "$(TARGET_NAME)";
				TEST_HOST = "$(BUILT_PRODUCTS_DIR)/ZYQRouterDemo.app/ZYQRouterDemo";
			};
			name = Release;
		};
		D8BCE52E1E269EB400557557 /* Debug */ = {
			isa = XCBuildConfiguration;
			baseConfigurationReference = 2EDDF7FC242565FCB391E122 /* Pods-ZYQRouterDemoUITests.debug.xcconfig */;
			buildSettings = {
				DEVELOPMENT_TEAM = YDDJ83LVSQ;
				INFOPLIST_FILE = ZYQRouterDemoUITests/Info.plist;
				LD_RUNPATH_SEARCH_PATHS = "$(inherited) @executable_path/Frameworks @loader_path/Frameworks";
				PRODUCT_BUNDLE_IDENTIFIER = com.zyq.ZYQRouterDemoUITests;
				PRODUCT_NAME = "$(TARGET_NAME)";
				TEST_TARGET_NAME = ZYQRouterDemo;
			};
			name = Debug;
		};
		D8BCE52F1E269EB400557557 /* Release */ = {
			isa = XCBuildConfiguration;
			baseConfigurationReference = 79F689CE4D2F3F7433B17453 /* Pods-ZYQRouterDemoUITests.release.xcconfig */;
			buildSettings = {
				DEVELOPMENT_TEAM = YDDJ83LVSQ;
				INFOPLIST_FILE = ZYQRouterDemoUITests/Info.plist;
				LD_RUNPATH_SEARCH_PATHS = "$(inherited) @executable_path/Frameworks @loader_path/Frameworks";
				PRODUCT_BUNDLE_IDENTIFIER = com.zyq.ZYQRouterDemoUITests;
				PRODUCT_NAME = "$(TARGET_NAME)";
				TEST_TARGET_NAME = ZYQRouterDemo;
			};
			name = Release;
		};
/* End XCBuildConfiguration section */

/* Begin XCConfigurationList section */
		D8BCE4F51E269EB400557557 /* Build configuration list for PBXProject "ZYQRouterDemo" */ = {
			isa = XCConfigurationList;
			buildConfigurations = (
				D8BCE5251E269EB400557557 /* Debug */,
				D8BCE5261E269EB400557557 /* Release */,
			);
			defaultConfigurationIsVisible = 0;
			defaultConfigurationName = Release;
		};
		D8BCE5271E269EB400557557 /* Build configuration list for PBXNativeTarget "ZYQRouterDemo" */ = {
			isa = XCConfigurationList;
			buildConfigurations = (
				D8BCE5281E269EB400557557 /* Debug */,
				D8BCE5291E269EB400557557 /* Release */,
			);
			defaultConfigurationIsVisible = 0;
			defaultConfigurationName = Release;
		};
		D8BCE52A1E269EB400557557 /* Build configuration list for PBXNativeTarget "ZYQRouterDemoTests" */ = {
			isa = XCConfigurationList;
			buildConfigurations = (
				D8BCE52B1E269EB400557557 /* Debug */,
				D8BCE52C1E269EB400557557 /* Release */,
			);
			defaultConfigurationIsVisible = 0;
			defaultConfigurationName = Release;
		};
		D8BCE52D1E269EB400557557 /* Build configuration list for PBXNativeTarget "ZYQRouterDemoUITests" */ = {
			isa = XCConfigurationList;
			buildConfigurations = (
				D8BCE52E1E269EB400557557 /* Debug */,
				D8BCE52F1E269EB400557557 /* Release */,
			);
			defaultConfigurationIsVisible = 0;
			defaultConfigurationName = Release;
		};
/* End XCConfigurationList section */
	};
	rootObject = D8BCE4F21E269EB400557557 /* Project object */;
}
